<?xml version="1.0" encoding="utf-8"?>
<Project ToolsVersion="4.0" xmlns="http://schemas.microsoft.com/developer/msbuild/2003">
  <ItemGroup>
    <Filter Include="Source Files">
      <UniqueIdentifier>{4FC737F1-C7A5-4376-A066-2A32D752A2FF}</UniqueIdentifier>
      <Extensions>cpp;c;cc;cxx;def;odl;idl;hpj;bat;asm;asmx</Extensions>
    </Filter>
    <Filter Include="Header Files">
      <UniqueIdentifier>{93995380-89BD-4b04-88EB-625FBE52EBFB}</UniqueIdentifier>
      <Extensions>h;hh;hpp;hxx;hm;inl;inc;xsd</Extensions>
    </Filter>
    <Filter Include="Misc Files">
      <UniqueIdentifier>{67DA6AB6-F800-4c08-8B7A-83BB121AAD01}</UniqueIdentifier>
      <Extensions>xml;json;txt;rc;ico;cur;bmp;dlg;rc2;rct;bin;rgs;gif;jpg;jpeg;jpe;resx;tiff;tif;png;wav;mfcribbon-ms</Extensions>
    </Filter>
    <Filter Include="Header Files\DHT_sensor_library">
      <UniqueIdentifier>{1bfb78c4-8376-4b30-bf1f-e560ab0f4e26}</UniqueIdentifier>
    </Filter>
    <Filter Include="Header Files\Adafruit_Unified_Sensor">
      <UniqueIdentifier>{be0cac7e-932a-432c-be22-91b2e5b042d9}</UniqueIdentifier>
    </Filter>
    <Filter Include="Header Files\ESPAsyncTCP">
      <UniqueIdentifier>{81f28e4b-cd8c-4680-b69c-d2a3a8c306a6}</UniqueIdentifier>
    </Filter>
    <Filter Include="Header Files\ESPAsyncWebServer">
      <UniqueIdentifier>{436eb0e9-29e3-4996-9488-cba20fed2cad}</UniqueIdentifier>
    </Filter>
  </ItemGroup>
  <ItemGroup>
    <None Include="FanControl.ino" />
    <None Include="src\arduino folders read me.txt">
      <Filter>Misc Files</Filter>
    </None>
    <None Include="AdditionalDefinitions.ino" />
    <None Include="libraries\ESPAsyncWebServer\edit.htm">
      <Filter>Header Files\ESPAsyncWebServer</Filter>
    </None>
  </ItemGroup>
  <ItemGroup>
    <ClInclude Include="__vm\.FanControl.vsarduino.h">
      <Filter>Header Files</Filter>
    </ClInclude>
    <ClInclude Include="PinSetup.h">
      <Filter>Header Files</Filter>
    </ClInclude>
    <ClInclude Include="AdditionalDefinitions.h">
      <Filter>Header Files</Filter>
    </ClInclude>
    <ClInclude Include="NetworkSettings.h">
      <Filter>Header Files</Filter>
    </ClInclude>
    <ClInclude Include="libraries\DHT_sensor_library\DHT.h">
      <Filter>Header Files\DHT_sensor_library</Filter>
    </ClInclude>
    <ClInclude Include="libraries\DHT_sensor_library\DHT_U.h">
      <Filter>Header Files\DHT_sensor_library</Filter>
    </ClInclude>
    <ClInclude Include="libraries\Adafruit_Unified_Sensor\Adafruit_Sensor.h">
      <Filter>Header Files\Adafruit_Unified_Sensor</Filter>
    </ClInclude>
    <ClInclude Include="FanSetup.h">
      <Filter>Header Files</Filter>
    </ClInclude>
    <ClInclude Include="libraries\ESPAsyncTCP\async_config.h">
      <Filter>Header Files\ESPAsyncTCP</Filter>
    </ClInclude>
    <ClInclude Include="libraries\ESPAsyncTCP\AsyncPrinter.h">
      <Filter>Header Files\ESPAsyncTCP</Filter>
    </ClInclude>
    <ClInclude Include="libraries\ESPAsyncTCP\DebugPrintMacros.h">
      <Filter>Header Files\ESPAsyncTCP</Filter>
    </ClInclude>
    <ClInclude Include="libraries\ESPAsyncTCP\ESPAsyncTCP.h">
      <Filter>Header Files\ESPAsyncTCP</Filter>
    </ClInclude>
    <ClInclude Include="libraries\ESPAsyncTCP\ESPAsyncTCPbuffer.h">
      <Filter>Header Files\ESPAsyncTCP</Filter>
    </ClInclude>
    <ClInclude Include="libraries\ESPAsyncTCP\SyncClient.h">
      <Filter>Header Files\ESPAsyncTCP</Filter>
    </ClInclude>
    <ClInclude Include="libraries\ESPAsyncTCP\tcp_axtls.h">
      <Filter>Header Files\ESPAsyncTCP</Filter>
    </ClInclude>
    <ClInclude Include="libraries\ESPAsyncWebServer\AsyncEventSource.h">
      <Filter>Header Files\ESPAsyncWebServer</Filter>
    </ClInclude>
    <ClInclude Include="libraries\ESPAsyncWebServer\AsyncJson.h">
      <Filter>Header Files\ESPAsyncWebServer</Filter>
    </ClInclude>
    <ClInclude Include="libraries\ESPAsyncWebServer\AsyncWebSocket.h">
      <Filter>Header Files\ESPAsyncWebServer</Filter>
    </ClInclude>
    <ClInclude Include="libraries\ESPAsyncWebServer\AsyncWebSynchronization.h">
      <Filter>Header Files\ESPAsyncWebServer</Filter>
    </ClInclude>
    <ClInclude Include="libraries\ESPAsyncWebServer\ESPAsyncWebServer.h">
      <Filter>Header Files\ESPAsyncWebServer</Filter>
    </ClInclude>
    <ClInclude Include="libraries\ESPAsyncWebServer\SPIFFSEditor.h">
      <Filter>Header Files\ESPAsyncWebServer</Filter>
    </ClInclude>
    <ClInclude Include="libraries\ESPAsyncWebServer\StringArray.h">
      <Filter>Header Files\ESPAsyncWebServer</Filter>
    </ClInclude>
    <ClInclude Include="libraries\ESPAsyncWebServer\WebAuthentication.h">
      <Filter>Header Files\ESPAsyncWebServer</Filter>
    </ClInclude>
    <ClInclude Include="libraries\ESPAsyncWebServer\WebHandlerImpl.h">
      <Filter>Header Files\ESPAsyncWebServer</Filter>
    </ClInclude>
    <ClInclude Include="libraries\ESPAsyncWebServer\WebResponseImpl.h">
      <Filter>Header Files\ESPAsyncWebServer</Filter>
    </ClInclude>
  </ItemGroup>
  <ItemGroup>
    <ClCompile Include="libraries\DHT_sensor_library\DHT.cpp">
      <Filter>Header Files\DHT_sensor_library</Filter>
    </ClCompile>
    <ClCompile Include="libraries\DHT_sensor_library\DHT_U.cpp">
      <Filter>Header Files\DHT_sensor_library</Filter>
    </ClCompile>
    <ClCompile Include="libraries\Adafruit_Unified_Sensor\Adafruit_Sensor.cpp">
      <Filter>Header Files\Adafruit_Unified_Sensor</Filter>
    </ClCompile>
    <ClCompile Include="libraries\ESPAsyncTCP\AsyncPrinter.cpp">
      <Filter>Header Files\ESPAsyncTCP</Filter>
    </ClCompile>
    <ClCompile Include="libraries\ESPAsyncTCP\ESPAsyncTCP.cpp">
      <Filter>Header Files\ESPAsyncTCP</Filter>
    </ClCompile>
    <ClCompile Include="libraries\ESPAsyncTCP\ESPAsyncTCPbuffer.cpp">
      <Filter>Header Files\ESPAsyncTCP</Filter>
    </ClCompile>
    <ClCompile Include="libraries\ESPAsyncTCP\SyncClient.cpp">
      <Filter>Header Files\ESPAsyncTCP</Filter>
    </ClCompile>
    <ClCompile Include="libraries\ESPAsyncTCP\tcp_axtls.c">
      <Filter>Header Files\ESPAsyncTCP</Filter>
    </ClCompile>
    <ClCompile Include="libraries\ESPAsyncWebServer\AsyncEventSource.cpp">
      <Filter>Header Files\ESPAsyncWebServer</Filter>
    </ClCompile>
    <ClCompile Include="libraries\ESPAsyncWebServer\AsyncWebSocket.cpp">
      <Filter>Header Files\ESPAsyncWebServer</Filter>
    </ClCompile>
    <ClCompile Include="libraries\ESPAsyncWebServer\SPIFFSEditor.cpp">
      <Filter>Header Files\ESPAsyncWebServer</Filter>
    </ClCompile>
    <ClCompile Include="libraries\ESPAsyncWebServer\WebAuthentication.cpp">
      <Filter>Header Files\ESPAsyncWebServer</Filter>
    </ClCompile>
    <ClCompile Include="libraries\ESPAsyncWebServer\WebHandlers.cpp">
      <Filter>Header Files\ESPAsyncWebServer</Filter>
    </ClCompile>
    <ClCompile Include="libraries\ESPAsyncWebServer\WebRequest.cpp">
      <Filter>Header Files\ESPAsyncWebServer</Filter>
    </ClCompile>
    <ClCompile Include="libraries\ESPAsyncWebServer\WebResponses.cpp">
      <Filter>Header Files\ESPAsyncWebServer</Filter>
    </ClCompile>
    <ClCompile Include="libraries\ESPAsyncWebServer\WebServer.cpp">
      <Filter>Header Files\ESPAsyncWebServer</Filter>
    </ClCompile>
  </ItemGroup>
</Project>